
Microsoft Visual Studio Solution File, Format Version 12.00
# Visual Studio Version 17
VisualStudioVersion = 17.7.34221.43
MinimumVisualStudioVersion = 10.0.40219.1
Project("{FAE04EC0-301F-11D3-BF4B-00C04F79EFBC}") = "LunarLander", "LunarLander\LunarLander.csproj", "{108890F9-F385-4FE7-81C2-F75723560150}"
EndProject
Global
	GlobalSection(SolutionConfigurationPlatforms) = preSolution
		Debug|Any CPU = Debug|Any CPU
		Release|Any CPU = Release|Any CPU
	EndGlobalSection
	GlobalSection(ProjectConfigurationPlatforms) = postSolution
		{108890F9-F385-4FE7-81C2-F75723560150}.Debug|Any CPU.ActiveCfg = Debug|Any CPU
		{108890F9-F385-4FE7-81C2-F75723560150}.Debug|Any CPU.Build.0 = Debug|Any CPU
		{108890F9-F385-4FE7-81C2-F75723560150}.Release|Any CPU.ActiveCfg = Release|Any CPU
		{108890F9-F385-4FE7-81C2-F75723560150}.Release|Any CPU.Build.0 = Release|Any CPU
	EndGlobalSection
	GlobalSection(SolutionProperties) = preSolution
		HideSolutionNode = FALSE
	EndGlobalSection
	GlobalSection(ExtensibilityGlobals) = postSolution
		SolutionGuid = {8830995D-B495-4DBD-9CD2-0BCA20EB91AC}
	EndGlobalSection
EndGlobal
